
Microsoft Visual Studio Solution File, Format Version 12.00
# Visual Studio Version 17
VisualStudioVersion = 17.8.34525.116
MinimumVisualStudioVersion = 10.0.40219.1
Project("{FAE04EC0-301F-11D3-BF4B-00C04F79EFBC}") = "DialogClosesWindows", "DialogClosesWindows\DialogClosesWindows.csproj", "{2701FE9B-132C-426E-B8BD-EDB4D75C60C0}"
EndProject
Global
	GlobalSection(SolutionConfigurationPlatforms) = preSolution
		Debug|Any CPU = Debug|Any CPU
		Release|Any CPU = Release|Any CPU
	EndGlobalSection
	GlobalSection(ProjectConfigurationPlatforms) = postSolution
		{2701FE9B-132C-426E-B8BD-EDB4D75C60C0}.Debug|Any CPU.ActiveCfg = Debug|Any CPU
		{2701FE9B-132C-426E-B8BD-EDB4D75C60C0}.Debug|Any CPU.Build.0 = Debug|Any CPU
		{2701FE9B-132C-426E-B8BD-EDB4D75C60C0}.Debug|Any CPU.Deploy.0 = Debug|Any CPU
		{2701FE9B-132C-426E-B8BD-EDB4D75C60C0}.Release|Any CPU.ActiveCfg = Release|Any CPU
		{2701FE9B-132C-426E-B8BD-EDB4D75C60C0}.Release|Any CPU.Build.0 = Release|Any CPU
		{2701FE9B-132C-426E-B8BD-EDB4D75C60C0}.Release|Any CPU.Deploy.0 = Release|Any CPU
	EndGlobalSection
	GlobalSection(SolutionProperties) = preSolution
		HideSolutionNode = FALSE
	EndGlobalSection
	GlobalSection(ExtensibilityGlobals) = postSolution
		SolutionGuid = {38323DD5-5C36-4199-995F-5B032055E0AE}
	EndGlobalSection
EndGlobal
